# This file is generated by running "yarn install" inside your project.
# Manual changes might be lost - proceed with caution!

__metadata:
  version: 4

"nimiq-link-frontend@workspace:frontend":
  version: 0.0.0-use.local
  resolution: "nimiq-link-frontend@workspace:frontend"
  languageName: unknown
  linkType: soft

"nimiq-link@workspace:.":
  version: 0.0.0-use.local
  resolution: "nimiq-link@workspace:."
  languageName: unknown
  linkType: soft
